# This file was autogenerated by Stack.
# You should not edit this file by hand.
# For more information, please see the documentation at:
#   https://docs.haskellstack.org/en/stable/topics/lock_files

packages:
- completed:
    name: dhall
    pantry-tree:
      sha256: 5b158b148d0baa56a8b1ab502a6ed12b1a002f3bee8bd7a04e1769c4e39607ec
      size: 28671
    sha256: b1436f2d5d8609fc79bfd53e7138a980ec09c08f8fe38e5c65f2c87a676499e9
    size: 933235
    subdir: dhall
    url: https://github.com/nikita-volkov/dhall-haskell/archive/c3264e5ed34566b66badb301211847ac4f78e697.tar.gz
    version: 1.42.3
  original:
    subdir: dhall
    url: https://github.com/nikita-volkov/dhall-haskell/archive/c3264e5ed34566b66badb301211847ac4f78e697.tar.gz
- completed:
    name: hasql-dev
    pantry-tree:
      sha256: da04995ea74930d11f9d14e30eb70322e3ace17c0de65bac1682fc73ef9937e2
      size: 536
    sha256: 19e1747fce40d1c239bb631702654f04bc6164308d1d97311c9592cc594d35e9
    size: 5363
    url: https://github.com/nikita-volkov/hasql-dev/archive/76d8faaa706872e0fe9b1036aa011edd2eb9d0ed.tar.gz
    version: '0'
  original:
    url: https://github.com/nikita-volkov/hasql-dev/archive/76d8faaa706872e0fe9b1036aa011edd2eb9d0ed.tar.gz
- completed:
    name: relations
    pantry-tree:
      sha256: ac2aa8033f3e47d7b63c1563456fde5ca132037511255f9b6a6e3d56cdb20efc
      size: 1784
    sha256: a93581e1c7832afacc105a0a6dd1886d850cd31e01e2810c44b75ea8ab845181
    size: 5424
    url: https://github.com/nikita-volkov/relations/archive/fac9e0445677a6493f1954f491921c5a7442cd58.tar.gz
    version: '0'
  original:
    url: https://github.com/nikita-volkov/relations/archive/fac9e0445677a6493f1954f491921c5a7442cd58.tar.gz
- completed:
    name: syntactic-class
    pantry-tree:
      sha256: dec254940ea99f59f62b9664fc676edd1e392b9db5ad4fea646b84bf04872f1f
      size: 2413
    sha256: 25bee1cef5625d0191da52a44260a12712f844bdb50855324389086f94dd930d
    size: 9249
    url: https://github.com/nikita-volkov/syntactic-class/archive/b74373863e8bb0ef9877e0cd8dad5a3128d31818.tar.gz
    version: '0'
  original:
    url: https://github.com/nikita-volkov/syntactic-class/archive/b74373863e8bb0ef9877e0cd8dad5a3128d31818.tar.gz
- completed:
    name: pgenie-gen
    pantry-tree:
      sha256: ad61449e66c0a241d7331e3dc859b61c889237f6770ed037cdf0d35690ac821f
      size: 2018
    sha256: 980c2d4c1a3be231ebcd557818528d6359d233eeef6ec90cebf912ab163c6550
    size: 26673
    subdir: haskell
    url: https://github.com/pgenie-io/gen-sdk/archive/c7d07a6e5eb072ed4a1bcb472b4b7ba6d596c8e3.tar.gz
    version: '0'
  original:
    subdir: haskell
    url: https://github.com/pgenie-io/gen-sdk/archive/c7d07a6e5eb072ed4a1bcb472b4b7ba6d596c8e3.tar.gz
- completed:
    hackage: aeson-optics-1.2.1@sha256:f0dc0ffba23baed6ee93e3ca91e1630c4da38eee46c56c28f3b264f376c361c0,1551
    pantry-tree:
      sha256: e5abc0e63b06a02eb095e50e80787eb8c23315cf089ab6d655a513d99e0b1cfa
      size: 340
  original:
    hackage: aeson-optics-1.2.1
- completed:
    hackage: algebraic-path-0.1.0.1@sha256:1823c9bf85f0d63fca26e58d96cc44ec5b5544018162eb589ca5e0dcca6f3d80,3109
    pantry-tree:
      sha256: 27e463c7110c06abd71fc820c7c15a3fb3f836797365b934db195674012788b7
      size: 785
  original:
    hackage: algebraic-path-0.1.0.1
- completed:
    hackage: dhall-json-1.7.12@sha256:9362f33db8a5228dfce25803d08f118a48681243f7d7a47de3eb9027ab9fbc73,4517
    pantry-tree:
      sha256: 3f42ed0a4c0f9cb3406df9e9add5476b47467fcb8f045cba0a42f6251f81fc31
      size: 5485
  original:
    hackage: dhall-json-1.7.12
- completed:
    hackage: fx-0.11@sha256:d3c0536d053ee132420d2d28d8f826797cfc51962e18a136a96771710fa8217e,2528
    pantry-tree:
      sha256: b68c82a1474c02ad6d6d7b64502fe5f8af7e7c9deb5968c271eb5dbe4dedcd5c
      size: 566
  original:
    hackage: fx-0.11
- completed:
    hackage: hasql-1.10.3@sha256:f1e9d616ed73290096a75271d01d9f5490b30ee26dca1cbe604afbd4827c24e8,9971
    pantry-tree:
      sha256: 27cde190bf69a3414cd2969eec3bef6d3a9c390ee07e49c7fb005ea2f6764065
      size: 9796
  original:
    hackage: hasql-1.10.3
- completed:
    hackage: hasql-mapping-0.1@sha256:d638de0a8809fe2854d38d6cb12c585b300d84c9fbbb58efb34fab61665269fe,1584
    pantry-tree:
      sha256: 563623e469eabbefbb0641d27eca9bc989cd5d1d8bdf05679c81388cdef0875c
      size: 386
  original:
    hackage: hasql-mapping-0.1
- completed:
    hackage: hasql-pool-1.4.2@sha256:29155ca252ee5aeafb1ca16e8c0c097f79fd38a2562696f7668aba80f3e31aaa,3110
    pantry-tree:
      sha256: 6fb0368b4f4cc59c0b68ba449efa9b32fb42f5758cdf066cc6a50ae3932754a0
      size: 2270
  original:
    hackage: hasql-pool-1.4.2
- completed:
    hackage: hasql-th-0.5@sha256:87bd2a03eb1910fd5d8a17805d5cf8b9c70cd16feb12a6bf41ce1ebcb4a6ffaa,2543
    pantry-tree:
      sha256: 2cd7def13011acc40e4fb6bb7c77c29d507da4a8a83b9191ae33e660576a1f4e
      size: 854
  original:
    hackage: hasql-th-0.5
- completed:
    hackage: hasql-transaction-1.2.2@sha256:d9074df20c4c5fc14b311fe8b78a339baa91d2128d669dffe47c89372b6acc98,2624
    pantry-tree:
      sha256: 3b86a05622bf356d6d6f86c5e95a41f01c3de93b920ce1933c93a62e0d759820
      size: 1070
  original:
    hackage: hasql-transaction-1.2.2
- completed:
    hackage: lawful-conversions-0.4.0@sha256:1b4dcd835125d42d7681addb15d49f0f3d5143965e64009f7c52b697debc4e4d,6465
    pantry-tree:
      sha256: a641ab2605dd86c4fcf3ad721bc2cbbaf637b29bc86fc0783c2694b2fa5f1bd2
      size: 5582
  original:
    hackage: lawful-conversions-0.4.0
- completed:
    hackage: postgresql-binary-0.15.0.1@sha256:87408d09f3a0328067c698041ddcc6e1376cacbad3ed5b5337720ace019cd41b,3889
    pantry-tree:
      sha256: 8d35dcbb15b0e4f1dfa2b933a5ff7f7a5f76c75b68f45f119fd5cfe92ee711e0
      size: 1805
  original:
    hackage: postgresql-binary-0.15.0.1
- completed:
    hackage: testcontainers-0.5.2.0@sha256:08c1cd6276c031d8133ae08042462fdb7b6b47137c4f53a0ee7ff45ded7c6486,2536
    pantry-tree:
      sha256: 4a46bf5a20c8d354586f4b790f5b222e7354706f95e22b1e0e81e7581e9cfa29
      size: 1396
  original:
    hackage: testcontainers-0.5.2.0
- completed:
    hackage: testcontainers-postgresql-0.2.0.1@sha256:8f5f6ec0ab8eae6212c5f2f8d65c6c9e4b4c37ede580447cf90219fb921dd7d2,2084
    pantry-tree:
      sha256: 7e5a632c482b4450bf6c3f436159fd188b082c9abcee395f48114279d13e6083
      size: 438
  original:
    hackage: testcontainers-postgresql-0.2.0.1
- completed:
    hackage: text-builder-lawful-conversions-0.1.4.1@sha256:1dee818d36c3756c624ce8e89f20e14b327f3f824d403051c088d4163d1fe3ac,2692
    pantry-tree:
      sha256: 9d0ab3a33030c837d55821cd01d1fb4ef6a76cac99405f8e04589d78e541f117
      size: 1090
  original:
    hackage: text-builder-lawful-conversions-0.1.4.1
- completed:
    hackage: text-builder-time-0.1@sha256:4bd7bb686b182ea106dc27cf92b3a1d46b4d2e4eadb9cb30d9b3efb1e3bdaf98,1846
    pantry-tree:
      sha256: 4fb3dc5fd3372dc07e3253ed36708a4c2e7eb90146acd234f992850d04b5d5d5
      size: 190
  original:
    hackage: text-builder-time-0.1
snapshots:
- completed:
    sha256: 9617ce7188aab7151bb3b99cb337c2f230c48360498dc88eb133fd22bc3064c2
    size: 733114
    url: https://raw.githubusercontent.com/commercialhaskell/stackage-snapshots/master/nightly/2026/3/15.yaml
  original: nightly-2026-03-15
